
Microsoft Visual Studio Solution File, Format Version 12.00
Project("{2150E333-8FDC-42A3-9474-1A3956D46DE8}") = "BuildingBlocks", "BuildingBlocks", "{CBEFE19A-B417-4749-8084-C2CF365B4612}"
EndProject
Project("{2150E333-8FDC-42A3-9474-1A3956D46DE8}") = "WebServer", "WebServer", "{D196F0D4-791F-4398-8ED9-1A6490EE87DF}"
EndProject
Project("{2150E333-8FDC-42A3-9474-1A3956D46DE8}") = "BackgroundWorker", "BackgroundWorker", "{58F76750-D0C5-4D88-8398-3E23DD52CBB5}"
EndProject
Project("{FAE04EC0-301F-11D3-BF4B-00C04F79EFBC}") = "PdfGenerator.Worker", "src\background-worker\PdfGenerator.Worker\PdfGenerator.Worker.csproj", "{D7490EA3-3E15-4B00-9404-D8C15A524AA6}"
EndProject
Project("{FAE04EC0-301F-11D3-BF4B-00C04F79EFBC}") = "PdfGenerator.Shared", "src\building-blocks\PdfGenerator.Shared\PdfGenerator.Shared.csproj", "{E7BC4DE2-00AE-4D62-8659-2B60C7A9B1FA}"
EndProject
Project("{FAE04EC0-301F-11D3-BF4B-00C04F79EFBC}") = "PdfGenerator.Observability", "src\building-blocks\PdfGenerator.Observability\PdfGenerator.Observability.csproj", "{50FBA5FE-540C-433C-AD90-1CBDFC57A933}"
EndProject
Project("{FAE04EC0-301F-11D3-BF4B-00C04F79EFBC}") = "PdfGenerator.FileStorage", "src\building-blocks\PdfGenerator.FileStorage\PdfGenerator.FileStorage.csproj", "{FF4408AF-A497-48AD-AFDF-08BE5C60E324}"
EndProject
Project("{FAE04EC0-301F-11D3-BF4B-00C04F79EFBC}") = "PdfGenerator.WebApi", "src\web-server\PdfGenerator.WebApi\PdfGenerator.WebApi.csproj", "{6D7E9E12-F1C1-4921-8190-A3F3987EE473}"
EndProject
Project("{FAE04EC0-301F-11D3-BF4B-00C04F79EFBC}") = "PdfGenerator.Infrastructure.DataAccess", "src\web-server\PdfGenerator.Infrastructure.DataAccess\PdfGenerator.Infrastructure.DataAccess.csproj", "{F483E71E-D73A-4B08-BCD3-5D684975A0AB}"
EndProject
Project("{FAE04EC0-301F-11D3-BF4B-00C04F79EFBC}") = "PdfGenerator.Infrastructure", "src\web-server\PdfGenerator.Infrastructure\PdfGenerator.Infrastructure.csproj", "{C6DAD381-C47F-4439-8F3E-AAF876D62D9D}"
EndProject
Project("{FAE04EC0-301F-11D3-BF4B-00C04F79EFBC}") = "PdfGenerator.Domain", "src\web-server\PdfGenerator.Domain\PdfGenerator.Domain.csproj", "{737BA20B-37A4-4413-8BC9-27EA992E38FC}"
EndProject
Project("{FAE04EC0-301F-11D3-BF4B-00C04F79EFBC}") = "PdfGenerator.Application", "src\web-server\PdfGenerator.Application\PdfGenerator.Application.csproj", "{6EF31452-2FDC-46CC-8E42-8961351F65E5}"
EndProject
Project("{FAE04EC0-301F-11D3-BF4B-00C04F79EFBC}") = "PdfGenerator.Messaging", "src\building-blocks\PdfGenerator.Messaging\PdfGenerator.Messaging.csproj", "{A3509EB2-359C-45AE-A43A-2419B5331518}"
EndProject
Project("{FAE04EC0-301F-11D3-BF4B-00C04F79EFBC}") = "PdfGenerator.IntegrationEvents", "src\web-server\PdfGenerator.IntegrationEvents\PdfGenerator.IntegrationEvents.csproj", "{797DE258-C27F-44C5-ADF0-B93486AE8035}"
EndProject
Global
	GlobalSection(SolutionConfigurationPlatforms) = preSolution
		Debug|Any CPU = Debug|Any CPU
		Release|Any CPU = Release|Any CPU
	EndGlobalSection
	GlobalSection(ProjectConfigurationPlatforms) = postSolution
		{D7490EA3-3E15-4B00-9404-D8C15A524AA6}.Debug|Any CPU.ActiveCfg = Debug|Any CPU
		{D7490EA3-3E15-4B00-9404-D8C15A524AA6}.Debug|Any CPU.Build.0 = Debug|Any CPU
		{D7490EA3-3E15-4B00-9404-D8C15A524AA6}.Release|Any CPU.ActiveCfg = Release|Any CPU
		{D7490EA3-3E15-4B00-9404-D8C15A524AA6}.Release|Any CPU.Build.0 = Release|Any CPU
		{E7BC4DE2-00AE-4D62-8659-2B60C7A9B1FA}.Debug|Any CPU.ActiveCfg = Debug|Any CPU
		{E7BC4DE2-00AE-4D62-8659-2B60C7A9B1FA}.Debug|Any CPU.Build.0 = Debug|Any CPU
		{E7BC4DE2-00AE-4D62-8659-2B60C7A9B1FA}.Release|Any CPU.ActiveCfg = Release|Any CPU
		{E7BC4DE2-00AE-4D62-8659-2B60C7A9B1FA}.Release|Any CPU.Build.0 = Release|Any CPU
		{50FBA5FE-540C-433C-AD90-1CBDFC57A933}.Debug|Any CPU.ActiveCfg = Debug|Any CPU
		{50FBA5FE-540C-433C-AD90-1CBDFC57A933}.Debug|Any CPU.Build.0 = Debug|Any CPU
		{50FBA5FE-540C-433C-AD90-1CBDFC57A933}.Release|Any CPU.ActiveCfg = Release|Any CPU
		{50FBA5FE-540C-433C-AD90-1CBDFC57A933}.Release|Any CPU.Build.0 = Release|Any CPU
		{FF4408AF-A497-48AD-AFDF-08BE5C60E324}.Debug|Any CPU.ActiveCfg = Debug|Any CPU
		{FF4408AF-A497-48AD-AFDF-08BE5C60E324}.Debug|Any CPU.Build.0 = Debug|Any CPU
		{FF4408AF-A497-48AD-AFDF-08BE5C60E324}.Release|Any CPU.ActiveCfg = Release|Any CPU
		{FF4408AF-A497-48AD-AFDF-08BE5C60E324}.Release|Any CPU.Build.0 = Release|Any CPU
		{6D7E9E12-F1C1-4921-8190-A3F3987EE473}.Debug|Any CPU.ActiveCfg = Debug|Any CPU
		{6D7E9E12-F1C1-4921-8190-A3F3987EE473}.Debug|Any CPU.Build.0 = Debug|Any CPU
		{6D7E9E12-F1C1-4921-8190-A3F3987EE473}.Release|Any CPU.ActiveCfg = Release|Any CPU
		{6D7E9E12-F1C1-4921-8190-A3F3987EE473}.Release|Any CPU.Build.0 = Release|Any CPU
		{F483E71E-D73A-4B08-BCD3-5D684975A0AB}.Debug|Any CPU.ActiveCfg = Debug|Any CPU
		{F483E71E-D73A-4B08-BCD3-5D684975A0AB}.Debug|Any CPU.Build.0 = Debug|Any CPU
		{F483E71E-D73A-4B08-BCD3-5D684975A0AB}.Release|Any CPU.ActiveCfg = Release|Any CPU
		{F483E71E-D73A-4B08-BCD3-5D684975A0AB}.Release|Any CPU.Build.0 = Release|Any CPU
		{C6DAD381-C47F-4439-8F3E-AAF876D62D9D}.Debug|Any CPU.ActiveCfg = Debug|Any CPU
		{C6DAD381-C47F-4439-8F3E-AAF876D62D9D}.Debug|Any CPU.Build.0 = Debug|Any CPU
		{C6DAD381-C47F-4439-8F3E-AAF876D62D9D}.Release|Any CPU.ActiveCfg = Release|Any CPU
		{C6DAD381-C47F-4439-8F3E-AAF876D62D9D}.Release|Any CPU.Build.0 = Release|Any CPU
		{737BA20B-37A4-4413-8BC9-27EA992E38FC}.Debug|Any CPU.ActiveCfg = Debug|Any CPU
		{737BA20B-37A4-4413-8BC9-27EA992E38FC}.Debug|Any CPU.Build.0 = Debug|Any CPU
		{737BA20B-37A4-4413-8BC9-27EA992E38FC}.Release|Any CPU.ActiveCfg = Release|Any CPU
		{737BA20B-37A4-4413-8BC9-27EA992E38FC}.Release|Any CPU.Build.0 = Release|Any CPU
		{6EF31452-2FDC-46CC-8E42-8961351F65E5}.Debug|Any CPU.ActiveCfg = Debug|Any CPU
		{6EF31452-2FDC-46CC-8E42-8961351F65E5}.Debug|Any CPU.Build.0 = Debug|Any CPU
		{6EF31452-2FDC-46CC-8E42-8961351F65E5}.Release|Any CPU.ActiveCfg = Release|Any CPU
		{6EF31452-2FDC-46CC-8E42-8961351F65E5}.Release|Any CPU.Build.0 = Release|Any CPU
		{A3509EB2-359C-45AE-A43A-2419B5331518}.Debug|Any CPU.ActiveCfg = Debug|Any CPU
		{A3509EB2-359C-45AE-A43A-2419B5331518}.Debug|Any CPU.Build.0 = Debug|Any CPU
		{A3509EB2-359C-45AE-A43A-2419B5331518}.Release|Any CPU.ActiveCfg = Release|Any CPU
		{A3509EB2-359C-45AE-A43A-2419B5331518}.Release|Any CPU.Build.0 = Release|Any CPU
		{797DE258-C27F-44C5-ADF0-B93486AE8035}.Debug|Any CPU.ActiveCfg = Debug|Any CPU
		{797DE258-C27F-44C5-ADF0-B93486AE8035}.Debug|Any CPU.Build.0 = Debug|Any CPU
		{797DE258-C27F-44C5-ADF0-B93486AE8035}.Release|Any CPU.ActiveCfg = Release|Any CPU
		{797DE258-C27F-44C5-ADF0-B93486AE8035}.Release|Any CPU.Build.0 = Release|Any CPU
	EndGlobalSection
	GlobalSection(NestedProjects) = preSolution
		{D7490EA3-3E15-4B00-9404-D8C15A524AA6} = {58F76750-D0C5-4D88-8398-3E23DD52CBB5}
		{E7BC4DE2-00AE-4D62-8659-2B60C7A9B1FA} = {CBEFE19A-B417-4749-8084-C2CF365B4612}
		{50FBA5FE-540C-433C-AD90-1CBDFC57A933} = {CBEFE19A-B417-4749-8084-C2CF365B4612}
		{FF4408AF-A497-48AD-AFDF-08BE5C60E324} = {CBEFE19A-B417-4749-8084-C2CF365B4612}
		{6D7E9E12-F1C1-4921-8190-A3F3987EE473} = {D196F0D4-791F-4398-8ED9-1A6490EE87DF}
		{F483E71E-D73A-4B08-BCD3-5D684975A0AB} = {D196F0D4-791F-4398-8ED9-1A6490EE87DF}
		{C6DAD381-C47F-4439-8F3E-AAF876D62D9D} = {D196F0D4-791F-4398-8ED9-1A6490EE87DF}
		{737BA20B-37A4-4413-8BC9-27EA992E38FC} = {D196F0D4-791F-4398-8ED9-1A6490EE87DF}
		{6EF31452-2FDC-46CC-8E42-8961351F65E5} = {D196F0D4-791F-4398-8ED9-1A6490EE87DF}
		{A3509EB2-359C-45AE-A43A-2419B5331518} = {CBEFE19A-B417-4749-8084-C2CF365B4612}
		{797DE258-C27F-44C5-ADF0-B93486AE8035} = {D196F0D4-791F-4398-8ED9-1A6490EE87DF}
	EndGlobalSection
EndGlobal
